
Microsoft Visual Studio Solution File, Format Version 12.00
# Visual Studio 15
VisualStudioVersion = 15.0.27703.2042
MinimumVisualStudioVersion = 10.0.40219.1
Project("{FAE04EC0-301F-11D3-BF4B-00C04F79EFBC}") = "AdvertApi", "AdvertApi\AdvertApi.csproj", "{299BD8A2-A035-4293-B1EF-AE17FEEBF128}"
EndProject
Project("{FAE04EC0-301F-11D3-BF4B-00C04F79EFBC}") = "AdvertApi.Models", "..\AdvertApi.Models\AdvertApi.Models.csproj", "{0ABB154B-D59E-4762-B006-52113B3035A2}"
EndProject
Global
	GlobalSection(SolutionConfigurationPlatforms) = preSolution
		Debug|Any CPU = Debug|Any CPU
		Release|Any CPU = Release|Any CPU
	EndGlobalSection
	GlobalSection(ProjectConfigurationPlatforms) = postSolution
		{299BD8A2-A035-4293-B1EF-AE17FEEBF128}.Debug|Any CPU.ActiveCfg = Debug|Any CPU
		{299BD8A2-A035-4293-B1EF-AE17FEEBF128}.Debug|Any CPU.Build.0 = Debug|Any CPU
		{299BD8A2-A035-4293-B1EF-AE17FEEBF128}.Release|Any CPU.ActiveCfg = Release|Any CPU
		{299BD8A2-A035-4293-B1EF-AE17FEEBF128}.Release|Any CPU.Build.0 = Release|Any CPU
		{0ABB154B-D59E-4762-B006-52113B3035A2}.Debug|Any CPU.ActiveCfg = Debug|Any CPU
		{0ABB154B-D59E-4762-B006-52113B3035A2}.Debug|Any CPU.Build.0 = Debug|Any CPU
		{0ABB154B-D59E-4762-B006-52113B3035A2}.Release|Any CPU.ActiveCfg = Release|Any CPU
		{0ABB154B-D59E-4762-B006-52113B3035A2}.Release|Any CPU.Build.0 = Release|Any CPU
	EndGlobalSection
	GlobalSection(SolutionProperties) = preSolution
		HideSolutionNode = FALSE
	EndGlobalSection
	GlobalSection(ExtensibilityGlobals) = postSolution
		SolutionGuid = {EA827EB3-BE2A-4D3E-922B-ACA0AE792004}
	EndGlobalSection
EndGlobal
